// !$*UTF8*$!
{
	archiveVersion = 1;
	classes = {
	};
	objectVersion = 50;
	objects = {

/* Begin PBXBuildFile section */
		D0193C5B2654B24D00376BE1 /* AppDelegate.swift in Sources */ = {isa = PBXBuildFile; fileRef = D0193C5A2654B24D00376BE1 /* AppDelegate.swift */; };
		D0193C5F2654B24D00376BE1 /* ColorPalettesViewController.swift in Sources */ = {isa = PBXBuildFile; fileRef = D0193C5E2654B24D00376BE1 /* ColorPalettesViewController.swift */; };
		D0BDA5A2265CA6EE00AABB43 /* PaletteTableViewCell.swift in Sources */ = {isa = PBXBuildFile; fileRef = D0BDA5A1265CA6EE00AABB43 /* PaletteTableViewCell.swift */; };
		D0BDA5A5265CA76F00AABB43 /* ColorCollectionViewCell.swift in Sources */ = {isa = PBXBuildFile; fileRef = D0BDA5A4265CA76F00AABB43 /* ColorCollectionViewCell.swift */; };
		D0BDA5A8265CA7A000AABB43 /* PagingForReadableContentGuideLayout.swift in Sources */ = {isa = PBXBuildFile; fileRef = D0BDA5A7265CA7A000AABB43 /* PagingForReadableContentGuideLayout.swift */; };
		D0BDA5AB265CA83900AABB43 /* UIColor+Utility.swift in Sources */ = {isa = PBXBuildFile; fileRef = D0BDA5AA265CA83900AABB43 /* UIColor+Utility.swift */; };
/* End PBXBuildFile section */

/* Begin PBXFileReference section */
		D0193C572654B24D00376BE1 /* RCGCollectionView.app */ = {isa = PBXFileReference; explicitFileType = wrapper.application; includeInIndex = 0; path = RCGCollectionView.app; sourceTree = BUILT_PRODUCTS_DIR; };
		D0193C5A2654B24D00376BE1 /* AppDelegate.swift */ = {isa = PBXFileReference; lastKnownFileType = sourcecode.swift; path = AppDelegate.swift; sourceTree = "<group>"; };
		D0193C5E2654B24D00376BE1 /* ColorPalettesViewController.swift */ = {isa = PBXFileReference; lastKnownFileType = sourcecode.swift; path = ColorPalettesViewController.swift; sourceTree = "<group>"; };
		D0193C682654B24E00376BE1 /* Info.plist */ = {isa = PBXFileReference; lastKnownFileType = text.plist.xml; path = Info.plist; sourceTree = "<group>"; };
		D0BDA5A1265CA6EE00AABB43 /* PaletteTableViewCell.swift */ = {isa = PBXFileReference; lastKnownFileType = sourcecode.swift; path = PaletteTableViewCell.swift; sourceTree = "<group>"; };
		D0BDA5A4265CA76F00AABB43 /* ColorCollectionViewCell.swift */ = {isa = PBXFileReference; lastKnownFileType = sourcecode.swift; path = ColorCollectionViewCell.swift; sourceTree = "<group>"; };
		D0BDA5A7265CA7A000AABB43 /* PagingForReadableContentGuideLayout.swift */ = {isa = PBXFileReference; lastKnownFileType = sourcecode.swift; path = PagingForReadableContentGuideLayout.swift; sourceTree = "<group>"; };
		D0BDA5AA265CA83900AABB43 /* UIColor+Utility.swift */ = {isa = PBXFileReference; lastKnownFileType = sourcecode.swift; path = "UIColor+Utility.swift"; sourceTree = "<group>"; };
/* End PBXFileReference section */

/* Begin PBXFrameworksBuildPhase section */
		D0193C542654B24D00376BE1 /* Frameworks */ = {
			isa = PBXFrameworksBuildPhase;
			buildActionMask = 2147483647;
			files = (
			);
			runOnlyForDeploymentPostprocessing = 0;
		};
/* End PBXFrameworksBuildPhase section */

/* Begin PBXGroup section */
		D0193C4E2654B24D00376BE1 = {
			isa = PBXGroup;
			children = (
				D0193C592654B24D00376BE1 /* RCGCollectionView */,
				D0193C582654B24D00376BE1 /* Products */,
			);
			sourceTree = "<group>";
		};
		D0193C582654B24D00376BE1 /* Products */ = {
			isa = PBXGroup;
			children = (
				D0193C572654B24D00376BE1 /* RCGCollectionView.app */,
			);
			name = Products;
			sourceTree = "<group>";
		};
		D0193C592654B24D00376BE1 /* RCGCollectionView */ = {
			isa = PBXGroup;
			children = (
				D0193C5A2654B24D00376BE1 /* AppDelegate.swift */,
				D0193C5E2654B24D00376BE1 /* ColorPalettesViewController.swift */,
				D0BDA5A1265CA6EE00AABB43 /* PaletteTableViewCell.swift */,
				D0BDA5A4265CA76F00AABB43 /* ColorCollectionViewCell.swift */,
				D0BDA5A7265CA7A000AABB43 /* PagingForReadableContentGuideLayout.swift */,
				D0BDA5AA265CA83900AABB43 /* UIColor+Utility.swift */,
				D0193C682654B24E00376BE1 /* Info.plist */,
			);
			path = RCGCollectionView;
			sourceTree = "<group>";
		};
/* End PBXGroup section */

/* Begin PBXNativeTarget section */
		D0193C562654B24D00376BE1 /* RCGCollectionView */ = {
			isa = PBXNativeTarget;
			buildConfigurationList = D0193C6B2654B24E00376BE1 /* Build configuration list for PBXNativeTarget "RCGCollectionView" */;
			buildPhases = (
				D0193C532654B24D00376BE1 /* Sources */,
				D0193C542654B24D00376BE1 /* Frameworks */,
				D0193C552654B24D00376BE1 /* Resources */,
			);
			buildRules = (
			);
			dependencies = (
			);
			name = RCGCollectionView;
			productName = RCGCollectionView;
			productReference = D0193C572654B24D00376BE1 /* RCGCollectionView.app */;
			productType = "com.apple.product-type.application";
		};
/* End PBXNativeTarget section */

/* Begin PBXProject section */
		D0193C4F2654B24D00376BE1 /* Project object */ = {
			isa = PBXProject;
			attributes = {
				LastSwiftUpdateCheck = 1220;
				LastUpgradeCheck = 1220;
				TargetAttributes = {
					D0193C562654B24D00376BE1 = {
						CreatedOnToolsVersion = 12.2;
					};
				};
			};
			buildConfigurationList = D0193C522654B24D00376BE1 /* Build configuration list for PBXProject "RCGCollectionView" */;
			compatibilityVersion = "Xcode 9.3";
			developmentRegion = en;
			hasScannedForEncodings = 0;
			knownRegions = (
				en,
				Base,
			);
			mainGroup = D0193C4E2654B24D00376BE1;
			productRefGroup = D0193C582654B24D00376BE1 /* Products */;
			projectDirPath = "";
			projectRoot = "";
			targets = (
				D0193C562654B24D00376BE1 /* RCGCollectionView */,
			);
		};
/* End PBXProject section */

/* Begin PBXResourcesBuildPhase section */
		D0193C552654B24D00376BE1 /* Resources */ = {
			isa = PBXResourcesBuildPhase;
			buildActionMask = 2147483647;
			files = (
			);
			runOnlyForDeploymentPostprocessing = 0;
		};
/* End PBXResourcesBuildPhase section */

/* Begin PBXSourcesBuildPhase section */
		D0193C532654B24D00376BE1 /* Sources */ = {
			isa = PBXSourcesBuildPhase;
			buildActionMask = 2147483647;
			files = (
				D0193C5F2654B24D00376BE1 /* ColorPalettesViewController.swift in Sources */,
				D0BDA5A8265CA7A000AABB43 /* PagingForReadableContentGuideLayout.swift in Sources */,
				D0BDA5AB265CA83900AABB43 /* UIColor+Utility.swift in Sources */,
				D0BDA5A5265CA76F00AABB43 /* ColorCollectionViewCell.swift in Sources */,
				D0193C5B2654B24D00376BE1 /* AppDelegate.swift in Sources */,
				D0BDA5A2265CA6EE00AABB43 /* PaletteTableViewCell.swift in Sources */,
			);
			runOnlyForDeploymentPostprocessing = 0;
		};
/* End PBXSourcesBuildPhase section */

/* Begin XCBuildConfiguration section */
		D0193C692654B24E00376BE1 /* Debug */ = {
			isa = XCBuildConfiguration;
			buildSettings = {
				ALWAYS_SEARCH_USER_PATHS = NO;
				CLANG_ANALYZER_NONNULL = YES;
				CLANG_ANALYZER_NUMBER_OBJECT_CONVERSION = YES_AGGRESSIVE;
				CLANG_CXX_LANGUAGE_STANDARD = "gnu++14";
				CLANG_CXX_LIBRARY = "libc++";
				CLANG_ENABLE_MODULES = YES;
				CLANG_ENABLE_OBJC_ARC = YES;
				CLANG_ENABLE_OBJC_WEAK = YES;
				CLANG_WARN_BLOCK_CAPTURE_AUTORELEASING = YES;
				CLANG_WARN_BOOL_CONVERSION = YES;
				CLANG_WARN_COMMA = YES;
				CLANG_WARN_CONSTANT_CONVERSION = YES;
				CLANG_WARN_DEPRECATED_OBJC_IMPLEMENTATIONS = YES;
				CLANG_WARN_DIRECT_OBJC_ISA_USAGE = YES_ERROR;
				CLANG_WARN_DOCUMENTATION_COMMENTS = YES;
				CLANG_WARN_EMPTY_BODY = YES;
				CLANG_WARN_ENUM_CONVERSION = YES;
				CLANG_WARN_INFINITE_RECURSION = YES;
				CLANG_WARN_INT_CONVERSION = YES;
				CLANG_WARN_NON_LITERAL_NULL_CONVERSION = YES;
				CLANG_WARN_OBJC_IMPLICIT_RETAIN_SELF = YES;
				CLANG_WARN_OBJC_LITERAL_CONVERSION = YES;
				CLANG_WARN_OBJC_ROOT_CLASS = YES_ERROR;
				CLANG_WARN_QUOTED_INCLUDE_IN_FRAMEWORK_HEADER = YES;
				CLANG_WARN_RANGE_LOOP_ANALYSIS = YES;
				CLANG_WARN_STRICT_PROTOTYPES = YES;
				CLANG_WARN_SUSPICIOUS_MOVE = YES;
				CLANG_WARN_UNGUARDED_AVAILABILITY = YES_AGGRESSIVE;
				CLANG_WARN_UNREACHABLE_CODE = YES;
				CLANG_WARN__DUPLICATE_METHOD_MATCH = YES;
				COPY_PHASE_STRIP = NO;
				DEBUG_INFORMATION_FORMAT = dwarf;
				ENABLE_STRICT_OBJC_MSGSEND = YES;
				ENABLE_TESTABILITY = YES;
				GCC_C_LANGUAGE_STANDARD = gnu11;
				GCC_DYNAMIC_NO_PIC = NO;
				GCC_NO_COMMON_BLOCKS = YES;
				GCC_OPTIMIZATION_LEVEL = 0;
				GCC_PREPROCESSOR_DEFINITIONS = (
					"DEBUG=1",
					"$(inherited)",
				);
				GCC_WARN_64_TO_32_BIT_CONVERSION = YES;
				GCC_WARN_ABOUT_RETURN_TYPE = YES_ERROR;
				GCC_WARN_UNDECLARED_SELECTOR = YES;
				GCC_WARN_UNINITIALIZED_AUTOS = YES_AGGRESSIVE;
				GCC_WARN_UNUSED_FUNCTION = YES;
				GCC_WARN_UNUSED_VARIABLE = YES;
				IPHONEOS_DEPLOYMENT_TARGET = 14.2;
				MTL_ENABLE_DEBUG_INFO = INCLUDE_SOURCE;
				MTL_FAST_MATH = YES;
				ONLY_ACTIVE_ARCH = YES;
				SDKROOT = iphoneos;
				SWIFT_ACTIVE_COMPILATION_CONDITIONS = DEBUG;
				SWIFT_OPTIMIZATION_LEVEL = "-Onone";
			};
			name = Debug;
		};
		D0193C6C2654B24E00376BE1 /* Debug */ = {
			isa = XCBuildConfiguration;
			buildSettings = {
				CODE_SIGN_STYLE = Automatic;
				INFOPLIST_FILE = RCGCollectionView/Info.plist;
				LD_RUNPATH_SEARCH_PATHS = (
					"$(inherited)",
					"@executable_path/Frameworks",
				);
				PRODUCT_BUNDLE_IDENTIFIER = jp.sample.rcg;
				PRODUCT_NAME = RCGCollectionView;
				SWIFT_VERSION = 5.0;
				TARGETED_DEVICE_FAMILY = "1,2";
			};
			name = Debug;
		};
/* End XCBuildConfiguration section */

/* Begin XCConfigurationList section */
		D0193C522654B24D00376BE1 /* Build configuration list for PBXProject "RCGCollectionView" */ = {
			isa = XCConfigurationList;
			buildConfigurations = (
				D0193C692654B24E00376BE1 /* Debug */,
			);
			defaultConfigurationIsVisible = 0;
			defaultConfigurationName = Debug;
		};
		D0193C6B2654B24E00376BE1 /* Build configuration list for PBXNativeTarget "RCGCollectionView" */ = {
			isa = XCConfigurationList;
			buildConfigurations = (
				D0193C6C2654B24E00376BE1 /* Debug */,
			);
			defaultConfigurationIsVisible = 0;
			defaultConfigurationName = Debug;
		};
/* End XCConfigurationList section */
	};
	rootObject = D0193C4F2654B24D00376BE1 /* Project object */;
}
